
Microsoft Visual Studio Solution File, Format Version 12.00
# Visual Studio 14
VisualStudioVersion = 14.0.25420.1
MinimumVisualStudioVersion = 10.0.40219.1
Project("{FAE04EC0-301F-11D3-BF4B-00C04F79EFBC}") = "KombiTeknikServisWeb", "KombiTeknikServisWeb\KombiTeknikServisWeb.csproj", "{FB05630E-E1D1-44CB-A235-D73311869D23}"
EndProject
Project("{FAE04EC0-301F-11D3-BF4B-00C04F79EFBC}") = "BLL", "BLL\BLL.csproj", "{B7A7FCC4-9C5D-49B5-84A4-1CF6211F88C7}"
EndProject
Project("{FAE04EC0-301F-11D3-BF4B-00C04F79EFBC}") = "DAL", "DAL\DAL.csproj", "{277F3EAA-8570-434B-8A12-4B7E07B0D06F}"
EndProject
Project("{FAE04EC0-301F-11D3-BF4B-00C04F79EFBC}") = "Entity", "Entities\Entity.csproj", "{45FB36A6-004A-424E-BB44-66085FBA3D68}"
EndProject
Global
	GlobalSection(SolutionConfigurationPlatforms) = preSolution
		Debug|Any CPU = Debug|Any CPU
		Release|Any CPU = Release|Any CPU
	EndGlobalSection
	GlobalSection(ProjectConfigurationPlatforms) = postSolution
		{FB05630E-E1D1-44CB-A235-D73311869D23}.Debug|Any CPU.ActiveCfg = Debug|Any CPU
		{FB05630E-E1D1-44CB-A235-D73311869D23}.Debug|Any CPU.Build.0 = Debug|Any CPU
		{FB05630E-E1D1-44CB-A235-D73311869D23}.Release|Any CPU.ActiveCfg = Release|Any CPU
		{FB05630E-E1D1-44CB-A235-D73311869D23}.Release|Any CPU.Build.0 = Release|Any CPU
		{B7A7FCC4-9C5D-49B5-84A4-1CF6211F88C7}.Debug|Any CPU.ActiveCfg = Debug|Any CPU
		{B7A7FCC4-9C5D-49B5-84A4-1CF6211F88C7}.Debug|Any CPU.Build.0 = Debug|Any CPU
		{B7A7FCC4-9C5D-49B5-84A4-1CF6211F88C7}.Release|Any CPU.ActiveCfg = Release|Any CPU
		{B7A7FCC4-9C5D-49B5-84A4-1CF6211F88C7}.Release|Any CPU.Build.0 = Release|Any CPU
		{277F3EAA-8570-434B-8A12-4B7E07B0D06F}.Debug|Any CPU.ActiveCfg = Debug|Any CPU
		{277F3EAA-8570-434B-8A12-4B7E07B0D06F}.Debug|Any CPU.Build.0 = Debug|Any CPU
		{277F3EAA-8570-434B-8A12-4B7E07B0D06F}.Release|Any CPU.ActiveCfg = Release|Any CPU
		{277F3EAA-8570-434B-8A12-4B7E07B0D06F}.Release|Any CPU.Build.0 = Release|Any CPU
		{45FB36A6-004A-424E-BB44-66085FBA3D68}.Debug|Any CPU.ActiveCfg = Debug|Any CPU
		{45FB36A6-004A-424E-BB44-66085FBA3D68}.Debug|Any CPU.Build.0 = Debug|Any CPU
		{45FB36A6-004A-424E-BB44-66085FBA3D68}.Release|Any CPU.ActiveCfg = Release|Any CPU
		{45FB36A6-004A-424E-BB44-66085FBA3D68}.Release|Any CPU.Build.0 = Release|Any CPU
	EndGlobalSection
	GlobalSection(SolutionProperties) = preSolution
		HideSolutionNode = FALSE
	EndGlobalSection
	GlobalSection(ExtensibilityGlobals) = postSolution
		SolutionGuid = {47B11B0C-C574-4A3B-9528-47A2C7197E40}
	EndGlobalSection
EndGlobal
